// !$*UTF8*$!
{
	archiveVersion = 1;
	classes = {
	};
	objectVersion = 77;
	objects = {

/* Begin PBXContainerItemProxy section */
		8AC6B8AA2FED9A8C0017591E /* PBXContainerItemProxy */ = {
			isa = PBXContainerItemProxy;
			containerPortal = 8AC6B8942FED9A8B0017591E /* Project object */;
			proxyType = 1;
			remoteGlobalIDString = 8AC6B89B2FED9A8B0017591E;
			remoteInfo = POC_APIRequest;
		};
		8AC6B8B42FED9A8C0017591E /* PBXContainerItemProxy */ = {
			isa = PBXContainerItemProxy;
			containerPortal = 8AC6B8942FED9A8B0017591E /* Project object */;
			proxyType = 1;
			remoteGlobalIDString = 8AC6B89B2FED9A8B0017591E;
			remoteInfo = POC_APIRequest;
		};
/* End PBXContainerItemProxy section */

/* Begin PBXFileReference section */
		8AC6B89C2FED9A8B0017591E /* POC_APIRequest.app */ = {isa = PBXFileReference; explicitFileType = wrapper.application; includeInIndex = 0; path = POC_APIRequest.app; sourceTree = BUILT_PRODUCTS_DIR; };
		8AC6B8A92FED9A8C0017591E /* POC_APIRequestTests.xctest */ = {isa = PBXFileReference; explicitFileType = wrapper.cfbundle; includeInIndex = 0; path = POC_APIRequestTests.xctest; sourceTree = BUILT_PRODUCTS_DIR; };
		8AC6B8B32FED9A8C0017591E /* POC_APIRequestUITests.xctest */ = {isa = PBXFileReference; explicitFileType = wrapper.cfbundle; includeInIndex = 0; path = POC_APIRequestUITests.xctest; sourceTree = BUILT_PRODUCTS_DIR; };
/* End PBXFileReference section */

/* Begin PBXFileSystemSynchronizedRootGroup section */
		8AC6B89E2FED9A8B0017591E /* POC_APIRequest */ = {
			isa = PBXFileSystemSynchronizedRootGroup;
			path = POC_APIRequest;
			sourceTree = "<group>";
		};
		8AC6B8AC2FED9A8C0017591E /* POC_APIRequestTests */ = {
			isa = PBXFileSystemSynchronizedRootGroup;
			path = POC_APIRequestTests;
			sourceTree = "<group>";
		};
		8AC6B8B62FED9A8C0017591E /* POC_APIRequestUITests */ = {
			isa = PBXFileSystemSynchronizedRootGroup;
			path = POC_APIRequestUITests;
			sourceTree = "<group>";
		};
/* End PBXFileSystemSynchronizedRootGroup section */

/* Begin PBXFrameworksBuildPhase section */
		8AC6B8992FED9A8B0017591E /* Frameworks */ = {
			isa = PBXFrameworksBuildPhase;
			buildActionMask = 2147483647;
			files = (
			);
			runOnlyForDeploymentPostprocessing = 0;
		};
		8AC6B8A62FED9A8C0017591E /* Frameworks */ = {
			isa = PBXFrameworksBuildPhase;
			buildActionMask = 2147483647;
			files = (
			);
			runOnlyForDeploymentPostprocessing = 0;
		};
		8AC6B8B02FED9A8C0017591E /* Frameworks */ = {
			isa = PBXFrameworksBuildPhase;
			buildActionMask = 2147483647;
			files = (
			);
			runOnlyForDeploymentPostprocessing = 0;
		};
/* End PBXFrameworksBuildPhase section */

/* Begin PBXGroup section */
		8AC6B8932FED9A8B0017591E = {
			isa = PBXGroup;
			children = (
				8AC6B89E2FED9A8B0017591E /* POC_APIRequest */,
				8AC6B8AC2FED9A8C0017591E /* POC_APIRequestTests */,
				8AC6B8B62FED9A8C0017591E /* POC_APIRequestUITests */,
				8AC6B89D2FED9A8B0017591E /* Products */,
			);
			sourceTree = "<group>";
		};
		8AC6B89D2FED9A8B0017591E /* Products */ = {
			isa = PBXGroup;
			children = (
				8AC6B89C2FED9A8B0017591E /* POC_APIRequest.app */,
				8AC6B8A92FED9A8C0017591E /* POC_APIRequestTests.xctest */,
				8AC6B8B32FED9A8C0017591E /* POC_APIRequestUITests.xctest */,
			);
			name = Products;
			sourceTree = "<group>";
		};
/* End PBXGroup section */

/* Begin PBXNativeTarget section */
		8AC6B89B2FED9A8B0017591E /* POC_APIRequest */ = {
			isa = PBXNativeTarget;
			buildConfigurationList = 8AC6B8BD2FED9A8C0017591E /* Build configuration list for PBXNativeTarget "POC_APIRequest" */;
			buildPhases = (
				8AC6B8982FED9A8B0017591E /* Sources */,
				8AC6B8992FED9A8B0017591E /* Frameworks */,
				8AC6B89A2FED9A8B0017591E /* Resources */,
			);
			buildRules = (
			);
			dependencies = (
			);
			fileSystemSynchronizedGroups = (
				8AC6B89E2FED9A8B0017591E /* POC_APIRequest */,
			);
			name = POC_APIRequest;
			packageProductDependencies = (
			);
			productName = POC_APIRequest;
			productReference = 8AC6B89C2FED9A8B0017591E /* POC_APIRequest.app */;
			productType = "com.apple.product-type.application";
		};
		8AC6B8A82FED9A8C0017591E /* POC_APIRequestTests */ = {
			isa = PBXNativeTarget;
			buildConfigurationList = 8AC6B8C02FED9A8C0017591E /* Build configuration list for PBXNativeTarget "POC_APIRequestTests" */;
			buildPhases = (
				8AC6B8A52FED9A8C0017591E /* Sources */,
				8AC6B8A62FED9A8C0017591E /* Frameworks */,
				8AC6B8A72FED9A8C0017591E /* Resources */,
			);
			buildRules = (
			);
			dependencies = (
				8AC6B8AB2FED9A8C0017591E /* PBXTargetDependency */,
			);
			fileSystemSynchronizedGroups = (
				8AC6B8AC2FED9A8C0017591E /* POC_APIRequestTests */,
			);
			name = POC_APIRequestTests;
			packageProductDependencies = (
			);
			productName = POC_APIRequestTests;
			productReference = 8AC6B8A92FED9A8C0017591E /* POC_APIRequestTests.xctest */;
			productType = "com.apple.product-type.bundle.unit-test";
		};
		8AC6B8B22FED9A8C0017591E /* POC_APIRequestUITests */ = {
			isa = PBXNativeTarget;
			buildConfigurationList = 8AC6B8C32FED9A8C0017591E /* Build configuration list for PBXNativeTarget "POC_APIRequestUITests" */;
			buildPhases = (
				8AC6B8AF2FED9A8C0017591E /* Sources */,
				8AC6B8B02FED9A8C0017591E /* Frameworks */,
				8AC6B8B12FED9A8C0017591E /* Resources */,
			);
			buildRules = (
			);
			dependencies = (
				8AC6B8B52FED9A8C0017591E /* PBXTargetDependency */,
			);
			fileSystemSynchronizedGroups = (
				8AC6B8B62FED9A8C0017591E /* POC_APIRequestUITests */,
			);
			name = POC_APIRequestUITests;
			packageProductDependencies = (
			);
			productName = POC_APIRequestUITests;
			productReference = 8AC6B8B32FED9A8C0017591E /* POC_APIRequestUITests.xctest */;
			productType = "com.apple.product-type.bundle.ui-testing";
		};
/* End PBXNativeTarget section */

/* Begin PBXProject section */
		8AC6B8942FED9A8B0017591E /* Project object */ = {
			isa = PBXProject;
			attributes = {
				BuildIndependentTargetsInParallel = 1;
				LastSwiftUpdateCheck = 2650;
				LastUpgradeCheck = 2650;
				TargetAttributes = {
					8AC6B89B2FED9A8B0017591E = {
						CreatedOnToolsVersion = 26.5;
					};
					8AC6B8A82FED9A8C0017591E = {
						CreatedOnToolsVersion = 26.5;
						TestTargetID = 8AC6B89B2FED9A8B0017591E;
					};
					8AC6B8B22FED9A8C0017591E = {
						CreatedOnToolsVersion = 26.5;
						TestTargetID = 8AC6B89B2FED9A8B0017591E;
					};
				};
			};
			buildConfigurationList = 8AC6B8972FED9A8B0017591E /* Build configuration list for PBXProject "POC_APIRequest" */;
			developmentRegion = en;
			hasScannedForEncodings = 0;
			knownRegions = (
				en,
				Base,
			);
			mainGroup = 8AC6B8932FED9A8B0017591E;
			minimizedProjectReferenceProxies = 1;
			preferredProjectObjectVersion = 77;
			productRefGroup = 8AC6B89D2FED9A8B0017591E /* Products */;
			projectDirPath = "";
			projectRoot = "";
			targets = (
				8AC6B89B2FED9A8B0017591E /* POC_APIRequest */,
				8AC6B8A82FED9A8C0017591E /* POC_APIRequestTests */,
				8AC6B8B22FED9A8C0017591E /* POC_APIRequestUITests */,
			);
		};
/* End PBXProject section */

/* Begin PBXResourcesBuildPhase section */
		8AC6B89A2FED9A8B0017591E /* Resources */ = {
			isa = PBXResourcesBuildPhase;
			buildActionMask = 2147483647;
			files = (
			);
			runOnlyForDeploymentPostprocessing = 0;
		};
		8AC6B8A72FED9A8C0017591E /* Resources */ = {
			isa = PBXResourcesBuildPhase;
			buildActionMask = 2147483647;
			files = (
			);
			runOnlyForDeploymentPostprocessing = 0;
		};
		8AC6B8B12FED9A8C0017591E /* Resources */ = {
			isa = PBXResourcesBuildPhase;
			buildActionMask = 2147483647;
			files = (
			);
			runOnlyForDeploymentPostprocessing = 0;
		};
/* End PBXResourcesBuildPhase section */

/* Begin PBXSourcesBuildPhase section */
		8AC6B8982FED9A8B0017591E /* Sources */ = {
			isa = PBXSourcesBuildPhase;
			buildActionMask = 2147483647;
			files = (
			);
			runOnlyForDeploymentPostprocessing = 0;
		};
		8AC6B8A52FED9A8C0017591E /* Sources */ = {
			isa = PBXSourcesBuildPhase;
			buildActionMask = 2147483647;
			files = (
			);
			runOnlyForDeploymentPostprocessing = 0;
		};
		8AC6B8AF2FED9A8C0017591E /* Sources */ = {
			isa = PBXSourcesBuildPhase;
			buildActionMask = 2147483647;
			files = (
			);
			runOnlyForDeploymentPostprocessing = 0;
		};
/* End PBXSourcesBuildPhase section */

/* Begin PBXTargetDependency section */
		8AC6B8AB2FED9A8C0017591E /* PBXTargetDependency */ = {
			isa = PBXTargetDependency;
			target = 8AC6B89B2FED9A8B0017591E /* POC_APIRequest */;
			targetProxy = 8AC6B8AA2FED9A8C0017591E /* PBXContainerItemProxy */;
		};
		8AC6B8B52FED9A8C0017591E /* PBXTargetDependency */ = {
			isa = PBXTargetDependency;
			target = 8AC6B89B2FED9A8B0017591E /* POC_APIRequest */;
			targetProxy = 8AC6B8B42FED9A8C0017591E /* PBXContainerItemProxy */;
		};
/* End PBXTargetDependency section */

/* Begin XCBuildConfiguration section */
		8AC6B8BB2FED9A8C0017591E /* Debug */ = {
			isa = XCBuildConfiguration;
			buildSettings = {
				ALWAYS_SEARCH_USER_PATHS = NO;
				ASSETCATALOG_COMPILER_GENERATE_SWIFT_ASSET_SYMBOL_EXTENSIONS = YES;
				CLANG_ANALYZER_NONNULL = YES;
				CLANG_ANALYZER_NUMBER_OBJECT_CONVERSION = YES_AGGRESSIVE;
				CLANG_CXX_LANGUAGE_STANDARD = "gnu++20";
				CLANG_ENABLE_MODULES = YES;
				CLANG_ENABLE_OBJC_ARC = YES;
				CLANG_ENABLE_OBJC_WEAK = YES;
				CLANG_WARN_BLOCK_CAPTURE_AUTORELEASING = YES;
				CLANG_WARN_BOOL_CONVERSION = YES;
				CLANG_WARN_COMMA = YES;
				CLANG_WARN_CONSTANT_CONVERSION = YES;
				CLANG_WARN_DEPRECATED_OBJC_IMPLEMENTATIONS = YES;
				CLANG_WARN_DIRECT_OBJC_ISA_USAGE = YES_ERROR;
				CLANG_WARN_DOCUMENTATION_COMMENTS = YES;
				CLANG_WARN_EMPTY_BODY = YES;
				CLANG_WARN_ENUM_CONVERSION = YES;
				CLANG_WARN_INFINITE_RECURSION = YES;
				CLANG_WARN_INT_CONVERSION = YES;
				CLANG_WARN_NON_LITERAL_NULL_CONVERSION = YES;
				CLANG_WARN_OBJC_IMPLICIT_RETAIN_SELF = YES;
				CLANG_WARN_OBJC_LITERAL_CONVERSION = YES;
				CLANG_WARN_OBJC_ROOT_CLASS = YES_ERROR;
				CLANG_WARN_QUOTED_INCLUDE_IN_FRAMEWORK_HEADER = YES;
				CLANG_WARN_RANGE_LOOP_ANALYSIS = YES;
				CLANG_WARN_STRICT_PROTOTYPES = YES;
				CLANG_WARN_SUSPICIOUS_MOVE = YES;
				CLANG_WARN_UNGUARDED_AVAILABILITY = YES_AGGRESSIVE;
				CLANG_WARN_UNREACHABLE_CODE = YES;
				CLANG_WARN__DUPLICATE_METHOD_MATCH = YES;
				COPY_PHASE_STRIP = NO;
				DEBUG_INFORMATION_FORMAT = dwarf;
				DEVELOPMENT_TEAM = 8GAU95FQY2;
				ENABLE_STRICT_OBJC_MSGSEND = YES;
				ENABLE_TESTABILITY = YES;
				ENABLE_USER_SCRIPT_SANDBOXING = YES;
				GCC_C_LANGUAGE_STANDARD = gnu17;
				GCC_DYNAMIC_NO_PIC = NO;
				GCC_NO_COMMON_BLOCKS = YES;
				GCC_OPTIMIZATION_LEVEL = 0;
				GCC_PREPROCESSOR_DEFINITIONS = (
					"DEBUG=1",
					"$(inherited)",
				);
				GCC_WARN_64_TO_32_BIT_CONVERSION = YES;
				GCC_WARN_ABOUT_RETURN_TYPE = YES_ERROR;
				GCC_WARN_UNDECLARED_SELECTOR = YES;
				GCC_WARN_UNINITIALIZED_AUTOS = YES_AGGRESSIVE;
				GCC_WARN_UNUSED_FUNCTION = YES;
				GCC_WARN_UNUSED_VARIABLE = YES;
				IPHONEOS_DEPLOYMENT_TARGET = 26.5;
				LOCALIZATION_PREFERS_STRING_CATALOGS = YES;
				MTL_ENABLE_DEBUG_INFO = INCLUDE_SOURCE;
				MTL_FAST_MATH = YES;
				ONLY_ACTIVE_ARCH = YES;
				SDKROOT = iphoneos;
				SWIFT_ACTIVE_COMPILATION_CONDITIONS = "DEBUG $(inherited)";
				SWIFT_OPTIMIZATION_LEVEL = "-Onone";
			};
			name = Debug;
		};
		8AC6B8BC2FED9A8C0017591E /* Release */ = {
			isa = XCBuildConfiguration;
			buildSettings = {
				ALWAYS_SEARCH_USER_PATHS = NO;
				ASSETCATALOG_COMPILER_GENERATE_SWIFT_ASSET_SYMBOL_EXTENSIONS = YES;
				CLANG_ANALYZER_NONNULL = YES;
				CLANG_ANALYZER_NUMBER_OBJECT_CONVERSION = YES_AGGRESSIVE;
				CLANG_CXX_LANGUAGE_STANDARD = "gnu++20";
				CLANG_ENABLE_MODULES = YES;
				CLANG_ENABLE_OBJC_ARC = YES;
				CLANG_ENABLE_OBJC_WEAK = YES;
				CLANG_WARN_BLOCK_CAPTURE_AUTORELEASING = YES;
				CLANG_WARN_BOOL_CONVERSION = YES;
				CLANG_WARN_COMMA = YES;
				CLANG_WARN_CONSTANT_CONVERSION = YES;
				CLANG_WARN_DEPRECATED_OBJC_IMPLEMENTATIONS = YES;
				CLANG_WARN_DIRECT_OBJC_ISA_USAGE = YES_ERROR;
				CLANG_WARN_DOCUMENTATION_COMMENTS = YES;
				CLANG_WARN_EMPTY_BODY = YES;
				CLANG_WARN_ENUM_CONVERSION = YES;
				CLANG_WARN_INFINITE_RECURSION = YES;
				CLANG_WARN_INT_CONVERSION = YES;
				CLANG_WARN_NON_LITERAL_NULL_CONVERSION = YES;
				CLANG_WARN_OBJC_IMPLICIT_RETAIN_SELF = YES;
				CLANG_WARN_OBJC_LITERAL_CONVERSION = YES;
				CLANG_WARN_OBJC_ROOT_CLASS = YES_ERROR;
				CLANG_WARN_QUOTED_INCLUDE_IN_FRAMEWORK_HEADER = YES;
				CLANG_WARN_RANGE_LOOP_ANALYSIS = YES;
				CLANG_WARN_STRICT_PROTOTYPES = YES;
				CLANG_WARN_SUSPICIOUS_MOVE = YES;
				CLANG_WARN_UNGUARDED_AVAILABILITY = YES_AGGRESSIVE;
				CLANG_WARN_UNREACHABLE_CODE = YES;
				CLANG_WARN__DUPLICATE_METHOD_MATCH = YES;
				COPY_PHASE_STRIP = NO;
				DEBUG_INFORMATION_FORMAT = "dwarf-with-dsym";
				DEVELOPMENT_TEAM = 8GAU95FQY2;
				ENABLE_NS_ASSERTIONS = NO;
				ENABLE_STRICT_OBJC_MSGSEND = YES;
				ENABLE_USER_SCRIPT_SANDBOXING = YES;
				GCC_C_LANGUAGE_STANDARD = gnu17;
				GCC_NO_COMMON_BLOCKS = YES;
				GCC_WARN_64_TO_32_BIT_CONVERSION = YES;
				GCC_WARN_ABOUT_RETURN_TYPE = YES_ERROR;
				GCC_WARN_UNDECLARED_SELECTOR = YES;
				GCC_WARN_UNINITIALIZED_AUTOS = YES_AGGRESSIVE;
				GCC_WARN_UNUSED_FUNCTION = YES;
				GCC_WARN_UNUSED_VARIABLE = YES;
				IPHONEOS_DEPLOYMENT_TARGET = 26.5;
				LOCALIZATION_PREFERS_STRING_CATALOGS = YES;
				MTL_ENABLE_DEBUG_INFO = NO;
				MTL_FAST_MATH = YES;
				SDKROOT = iphoneos;
				SWIFT_COMPILATION_MODE = wholemodule;
				VALIDATE_PRODUCT = YES;
			};
			name = Release;
		};
		8AC6B8BE2FED9A8C0017591E /* Debug */ = {
			isa = XCBuildConfiguration;
			buildSettings = {
				ASSETCATALOG_COMPILER_APPICON_NAME = AppIcon;
				ASSETCATALOG_COMPILER_GLOBAL_ACCENT_COLOR_NAME = AccentColor;
				CODE_SIGN_STYLE = Automatic;
				CURRENT_PROJECT_VERSION = 1;
				DEVELOPMENT_TEAM = 8GAU95FQY2;
				ENABLE_PREVIEWS = YES;
				GENERATE_INFOPLIST_FILE = YES;
				INFOPLIST_KEY_UIApplicationSceneManifest_Generation = YES;
				INFOPLIST_KEY_UIApplicationSupportsIndirectInputEvents = YES;
				INFOPLIST_KEY_UILaunchScreen_Generation = YES;
				INFOPLIST_KEY_UISupportedInterfaceOrientations_iPad = "UIInterfaceOrientationPortrait UIInterfaceOrientationPortraitUpsideDown UIInterfaceOrientationLandscapeLeft UIInterfaceOrientationLandscapeRight";
				INFOPLIST_KEY_UISupportedInterfaceOrientations_iPhone = "UIInterfaceOrientationPortrait UIInterfaceOrientationLandscapeLeft UIInterfaceOrientationLandscapeRight";
				LD_RUNPATH_SEARCH_PATHS = (
					"$(inherited)",
					"@executable_path/Frameworks",
				);
				MARKETING_VERSION = 1.0;
				PRODUCT_BUNDLE_IDENTIFIER = "Pedro-Moreiras.POC-APIRequest";
				PRODUCT_NAME = "$(TARGET_NAME)";
				STRING_CATALOG_GENERATE_SYMBOLS = YES;
				SWIFT_APPROACHABLE_CONCURRENCY = YES;
				SWIFT_DEFAULT_ACTOR_ISOLATION = MainActor;
				SWIFT_EMIT_LOC_STRINGS = YES;
				SWIFT_UPCOMING_FEATURE_MEMBER_IMPORT_VISIBILITY = YES;
				SWIFT_VERSION = 5.0;
				TARGETED_DEVICE_FAMILY = "1,2";
			};
			name = Debug;
		};
		8AC6B8BF2FED9A8C0017591E /* Release */ = {
			isa = XCBuildConfiguration;
			buildSettings = {
				ASSETCATALOG_COMPILER_APPICON_NAME = AppIcon;
				ASSETCATALOG_COMPILER_GLOBAL_ACCENT_COLOR_NAME = AccentColor;
				CODE_SIGN_STYLE = Automatic;
				CURRENT_PROJECT_VERSION = 1;
				DEVELOPMENT_TEAM = 8GAU95FQY2;
				ENABLE_PREVIEWS = YES;
				GENERATE_INFOPLIST_FILE = YES;
				INFOPLIST_KEY_UIApplicationSceneManifest_Generation = YES;
				INFOPLIST_KEY_UIApplicationSupportsIndirectInputEvents = YES;
				INFOPLIST_KEY_UILaunchScreen_Generation = YES;
				INFOPLIST_KEY_UISupportedInterfaceOrientations_iPad = "UIInterfaceOrientationPortrait UIInterfaceOrientationPortraitUpsideDown UIInterfaceOrientationLandscapeLeft UIInterfaceOrientationLandscapeRight";
				INFOPLIST_KEY_UISupportedInterfaceOrientations_iPhone = "UIInterfaceOrientationPortrait UIInterfaceOrientationLandscapeLeft UIInterfaceOrientationLandscapeRight";
				LD_RUNPATH_SEARCH_PATHS = (
					"$(inherited)",
					"@executable_path/Frameworks",
				);
				MARKETING_VERSION = 1.0;
				PRODUCT_BUNDLE_IDENTIFIER = "Pedro-Moreiras.POC-APIRequest";
				PRODUCT_NAME = "$(TARGET_NAME)";
				STRING_CATALOG_GENERATE_SYMBOLS = YES;
				SWIFT_APPROACHABLE_CONCURRENCY = YES;
				SWIFT_DEFAULT_ACTOR_ISOLATION = MainActor;
				SWIFT_EMIT_LOC_STRINGS = YES;
				SWIFT_UPCOMING_FEATURE_MEMBER_IMPORT_VISIBILITY = YES;
				SWIFT_VERSION = 5.0;
				TARGETED_DEVICE_FAMILY = "1,2";
			};
			name = Release;
		};
		8AC6B8C12FED9A8C0017591E /* Debug */ = {
			isa = XCBuildConfiguration;
			buildSettings = {
				BUNDLE_LOADER = "$(TEST_HOST)";
				CODE_SIGN_STYLE = Automatic;
				CURRENT_PROJECT_VERSION = 1;
				DEVELOPMENT_TEAM = 8GAU95FQY2;
				GENERATE_INFOPLIST_FILE = YES;
				IPHONEOS_DEPLOYMENT_TARGET = 26.5;
				MARKETING_VERSION = 1.0;
				PRODUCT_BUNDLE_IDENTIFIER = "Pedro-Moreiras.POC-APIRequestTests";
				PRODUCT_NAME = "$(TARGET_NAME)";
				STRING_CATALOG_GENERATE_SYMBOLS = NO;
				SWIFT_APPROACHABLE_CONCURRENCY = YES;
				SWIFT_EMIT_LOC_STRINGS = NO;
				SWIFT_UPCOMING_FEATURE_MEMBER_IMPORT_VISIBILITY = YES;
				SWIFT_VERSION = 5.0;
				TARGETED_DEVICE_FAMILY = "1,2";
				TEST_HOST = "$(BUILT_PRODUCTS_DIR)/POC_APIRequest.app/$(BUNDLE_EXECUTABLE_FOLDER_PATH)/POC_APIRequest";
			};
			name = Debug;
		};
		8AC6B8C22FED9A8C0017591E /* Release */ = {
			isa = XCBuildConfiguration;
			buildSettings = {
				BUNDLE_LOADER = "$(TEST_HOST)";
				CODE_SIGN_STYLE = Automatic;
				CURRENT_PROJECT_VERSION = 1;
				DEVELOPMENT_TEAM = 8GAU95FQY2;
				GENERATE_INFOPLIST_FILE = YES;
				IPHONEOS_DEPLOYMENT_TARGET = 26.5;
				MARKETING_VERSION = 1.0;
				PRODUCT_BUNDLE_IDENTIFIER = "Pedro-Moreiras.POC-APIRequestTests";
				PRODUCT_NAME = "$(TARGET_NAME)";
				STRING_CATALOG_GENERATE_SYMBOLS = NO;
				SWIFT_APPROACHABLE_CONCURRENCY = YES;
				SWIFT_EMIT_LOC_STRINGS = NO;
				SWIFT_UPCOMING_FEATURE_MEMBER_IMPORT_VISIBILITY = YES;
				SWIFT_VERSION = 5.0;
				TARGETED_DEVICE_FAMILY = "1,2";
				TEST_HOST = "$(BUILT_PRODUCTS_DIR)/POC_APIRequest.app/$(BUNDLE_EXECUTABLE_FOLDER_PATH)/POC_APIRequest";
			};
			name = Release;
		};
		8AC6B8C42FED9A8C0017591E /* Debug */ = {
			isa = XCBuildConfiguration;
			buildSettings = {
				CODE_SIGN_STYLE = Automatic;
				CURRENT_PROJECT_VERSION = 1;
				DEVELOPMENT_TEAM = 8GAU95FQY2;
				GENERATE_INFOPLIST_FILE = YES;
				MARKETING_VERSION = 1.0;
				PRODUCT_BUNDLE_IDENTIFIER = "Pedro-Moreiras.POC-APIRequestUITests";
				PRODUCT_NAME = "$(TARGET_NAME)";
				STRING_CATALOG_GENERATE_SYMBOLS = NO;
				SWIFT_APPROACHABLE_CONCURRENCY = YES;
				SWIFT_EMIT_LOC_STRINGS = NO;
				SWIFT_UPCOMING_FEATURE_MEMBER_IMPORT_VISIBILITY = YES;
				SWIFT_VERSION = 5.0;
				TARGETED_DEVICE_FAMILY = "1,2";
				TEST_TARGET_NAME = POC_APIRequest;
			};
			name = Debug;
		};
		8AC6B8C52FED9A8C0017591E /* Release */ = {
			isa = XCBuildConfiguration;
			buildSettings = {
				CODE_SIGN_STYLE = Automatic;
				CURRENT_PROJECT_VERSION = 1;
				DEVELOPMENT_TEAM = 8GAU95FQY2;
				GENERATE_INFOPLIST_FILE = YES;
				MARKETING_VERSION = 1.0;
				PRODUCT_BUNDLE_IDENTIFIER = "Pedro-Moreiras.POC-APIRequestUITests";
				PRODUCT_NAME = "$(TARGET_NAME)";
				STRING_CATALOG_GENERATE_SYMBOLS = NO;
				SWIFT_APPROACHABLE_CONCURRENCY = YES;
				SWIFT_EMIT_LOC_STRINGS = NO;
				SWIFT_UPCOMING_FEATURE_MEMBER_IMPORT_VISIBILITY = YES;
				SWIFT_VERSION = 5.0;
				TARGETED_DEVICE_FAMILY = "1,2";
				TEST_TARGET_NAME = POC_APIRequest;
			};
			name = Release;
		};
/* End XCBuildConfiguration section */

/* Begin XCConfigurationList section */
		8AC6B8972FED9A8B0017591E /* Build configuration list for PBXProject "POC_APIRequest" */ = {
			isa = XCConfigurationList;
			buildConfigurations = (
				8AC6B8BB2FED9A8C0017591E /* Debug */,
				8AC6B8BC2FED9A8C0017591E /* Release */,
			);
			defaultConfigurationIsVisible = 0;
			defaultConfigurationName = Release;
		};
		8AC6B8BD2FED9A8C0017591E /* Build configuration list for PBXNativeTarget "POC_APIRequest" */ = {
			isa = XCConfigurationList;
			buildConfigurations = (
				8AC6B8BE2FED9A8C0017591E /* Debug */,
				8AC6B8BF2FED9A8C0017591E /* Release */,
			);
			defaultConfigurationIsVisible = 0;
			defaultConfigurationName = Release;
		};
		8AC6B8C02FED9A8C0017591E /* Build configuration list for PBXNativeTarget "POC_APIRequestTests" */ = {
			isa = XCConfigurationList;
			buildConfigurations = (
				8AC6B8C12FED9A8C0017591E /* Debug */,
				8AC6B8C22FED9A8C0017591E /* Release */,
			);
			defaultConfigurationIsVisible = 0;
			defaultConfigurationName = Release;
		};
		8AC6B8C32FED9A8C0017591E /* Build configuration list for PBXNativeTarget "POC_APIRequestUITests" */ = {
			isa = XCConfigurationList;
			buildConfigurations = (
				8AC6B8C42FED9A8C0017591E /* Debug */,
				8AC6B8C52FED9A8C0017591E /* Release */,
			);
			defaultConfigurationIsVisible = 0;
			defaultConfigurationName = Release;
		};
/* End XCConfigurationList section */
	};
	rootObject = 8AC6B8942FED9A8B0017591E /* Project object */;
}
